
Microsoft Visual Studio Solution File, Format Version 12.00
# Visual Studio 14
VisualStudioVersion = 14.0.25420.1
MinimumVisualStudioVersion = 10.0.40219.1
Project("{FAE04EC0-301F-11D3-BF4B-00C04F79EFBC}") = "ConventionRegistration", "ConventionRegistration\ConventionRegistration.csproj", "{2DF40A2D-726B-4B23-B4FD-CDBA4C7F8DC4}"
EndProject
Project("{FAE04EC0-301F-11D3-BF4B-00C04F79EFBC}") = "PriorityQueue_Wiener", "PriorityQueue_Wiener\PriorityQueue_Wiener.csproj", "{60837349-88DB-4D43-80C2-E596FDBEADCA}"
EndProject
Global
	GlobalSection(SolutionConfigurationPlatforms) = preSolution
		Debug|Any CPU = Debug|Any CPU
		Release|Any CPU = Release|Any CPU
	EndGlobalSection
	GlobalSection(ProjectConfigurationPlatforms) = postSolution
		{2DF40A2D-726B-4B23-B4FD-CDBA4C7F8DC4}.Debug|Any CPU.ActiveCfg = Debug|Any CPU
		{2DF40A2D-726B-4B23-B4FD-CDBA4C7F8DC4}.Debug|Any CPU.Build.0 = Debug|Any CPU
		{2DF40A2D-726B-4B23-B4FD-CDBA4C7F8DC4}.Release|Any CPU.ActiveCfg = Release|Any CPU
		{2DF40A2D-726B-4B23-B4FD-CDBA4C7F8DC4}.Release|Any CPU.Build.0 = Release|Any CPU
		{60837349-88DB-4D43-80C2-E596FDBEADCA}.Debug|Any CPU.ActiveCfg = Debug|Any CPU
		{60837349-88DB-4D43-80C2-E596FDBEADCA}.Debug|Any CPU.Build.0 = Debug|Any CPU
		{60837349-88DB-4D43-80C2-E596FDBEADCA}.Release|Any CPU.ActiveCfg = Release|Any CPU
		{60837349-88DB-4D43-80C2-E596FDBEADCA}.Release|Any CPU.Build.0 = Release|Any CPU
	EndGlobalSection
	GlobalSection(SolutionProperties) = preSolution
		HideSolutionNode = FALSE
	EndGlobalSection
EndGlobal
